<?xml version="1.0" encoding="utf-8"?>
<Project ToolsVersion="4.0" xmlns="http://schemas.microsoft.com/developer/msbuild/2003">
  <ItemGroup>
    <Filter Include="Source Files">
      <UniqueIdentifier>{4FC737F1-C7A5-4376-A066-2A32D752A2FF}</UniqueIdentifier>
      <Extensions>cpp;c;cc;cxx;c++;cppm;ixx;def;odl;idl;hpj;bat;asm;asmx</Extensions>
    </Filter>
    <Filter Include="Header Files">
      <UniqueIdentifier>{93995380-89BD-4b04-88EB-625FBE52EBFB}</UniqueIdentifier>
      <Extensions>h;hh;hpp;hxx;h++;hm;inl;inc;ipp;xsd</Extensions>
    </Filter>
    <Filter Include="Resource Files">
      <UniqueIdentifier>{67DA6AB6-F800-4c08-8B7A-83BB121AAD01}</UniqueIdentifier>
      <Extensions>rc;ico;cur;bmp;dlg;rc2;rct;bin;rgs;gif;jpg;jpeg;jpe;resx;tiff;tif;png;wav;mfcribbon-ms</Extensions>
    </Filter>
    <Filter Include="libs">
      <UniqueIdentifier>{a2b7b022-4808-4114-b18d-93b57249d1f4}</UniqueIdentifier>
    </Filter>
    <Filter Include="libs\gd.h">
      <UniqueIdentifier>{012e5304-a393-421f-9c8d-c22f109def4a}</UniqueIdentifier>
    </Filter>
    <Filter Include="libs\MinHook">
      <UniqueIdentifier>{69938745-a725-4393-9863-2ac1e1629be2}</UniqueIdentifier>
    </Filter>
  </ItemGroup>
  <ItemGroup>
    <ClCompile Include="main.cpp">
      <Filter>Source Files</Filter>
    </ClCompile>
    <ClCompile Include="libs\gd.h\test\template.cpp">
      <Filter>libs\gd.h</Filter>
    </ClCompile>
    <ClCompile Include="OsuMenuLayer.cpp">
      <Filter>Source Files</Filter>
    </ClCompile>
    <ClCompile Include="CreditsLayer.cpp">
      <Filter>Source Files</Filter>
    </ClCompile>
  </ItemGroup>
  <ItemGroup>
    <ClInclude Include="libs\gd.h\achievement_nodes\AchievementBar.h">
      <Filter>libs\gd.h</Filter>
    </ClInclude>
    <ClInclude Include="libs\gd.h\achievement_nodes\AchievementNotifier.h">
      <Filter>libs\gd.h</Filter>
    </ClInclude>
    <ClInclude Include="libs\gd.h\actions\CCCircleWave.h">
      <Filter>libs\gd.h</Filter>
    </ClInclude>
    <ClInclude Include="libs\gd.h\audio_nodes\FMODAudioEngine.h">
      <Filter>libs\gd.h</Filter>
    </ClInclude>
    <ClInclude Include="libs\gd.h\audio_nodes\FMODSound.h">
      <Filter>libs\gd.h</Filter>
    </ClInclude>
    <ClInclude Include="libs\gd.h\cell_nodes\GJComment.h">
      <Filter>libs\gd.h</Filter>
    </ClInclude>
    <ClInclude Include="libs\gd.h\delegates\delegates.h">
      <Filter>libs\gd.h</Filter>
    </ClInclude>
    <ClInclude Include="libs\gd.h\include\GameToolbox.h">
      <Filter>libs\gd.h</Filter>
    </ClInclude>
    <ClInclude Include="libs\gd.h\include\gd.h">
      <Filter>libs\gd.h</Filter>
    </ClInclude>
    <ClInclude Include="libs\gd.h\include\gdMacros.h">
      <Filter>libs\gd.h</Filter>
    </ClInclude>
    <ClInclude Include="libs\gd.h\include\GDProtocols.h">
      <Filter>libs\gd.h</Filter>
    </ClInclude>
    <ClInclude Include="libs\gd.h\layers_scenes_transitions_nodes\CCBlockLayer.h">
      <Filter>libs\gd.h</Filter>
    </ClInclude>
    <ClInclude Include="libs\gd.h\layers_scenes_transitions_nodes\CCNodeContainer.h">
      <Filter>libs\gd.h</Filter>
    </ClInclude>
    <ClInclude Include="libs\gd.h\layers_scenes_transitions_nodes\ChallengesPage.h">
      <Filter>libs\gd.h</Filter>
    </ClInclude>
    <ClInclude Include="libs\gd.h\layers_scenes_transitions_nodes\ColorSelectPopup.h">
      <Filter>libs\gd.h</Filter>
    </ClInclude>
    <ClInclude Include="libs\gd.h\layers_scenes_transitions_nodes\CreateGuidelinesLayer.h">
      <Filter>libs\gd.h</Filter>
    </ClInclude>
    <ClInclude Include="libs\gd.h\layers_scenes_transitions_nodes\CreatorLayer.h">
      <Filter>libs\gd.h</Filter>
    </ClInclude>
    <ClInclude Include="libs\gd.h\layers_scenes_transitions_nodes\CustomizeObjectLayer.h">
      <Filter>libs\gd.h</Filter>
    </ClInclude>
    <ClInclude Include="libs\gd.h\layers_scenes_transitions_nodes\CustomSongLayer.h">
      <Filter>libs\gd.h</Filter>
    </ClInclude>
    <ClInclude Include="libs\gd.h\layers_scenes_transitions_nodes\CustomSongWidget.h">
      <Filter>libs\gd.h</Filter>
    </ClInclude>
    <ClInclude Include="libs\gd.h\layers_scenes_transitions_nodes\DailyLevelPage.h">
      <Filter>libs\gd.h</Filter>
    </ClInclude>
    <ClInclude Include="libs\gd.h\layers_scenes_transitions_nodes\DialogLayer.h">
      <Filter>libs\gd.h</Filter>
    </ClInclude>
    <ClInclude Include="libs\gd.h\layers_scenes_transitions_nodes\DrawGridLayer.h">
      <Filter>libs\gd.h</Filter>
    </ClInclude>
    <ClInclude Include="libs\gd.h\layers_scenes_transitions_nodes\EditorUI.h">
      <Filter>libs\gd.h</Filter>
    </ClInclude>
    <ClInclude Include="libs\gd.h\layers_scenes_transitions_nodes\FLAlertLayer.h">
      <Filter>libs\gd.h</Filter>
    </ClInclude>
    <ClInclude Include="libs\gd.h\layers_scenes_transitions_nodes\GaragePage.h">
      <Filter>libs\gd.h</Filter>
    </ClInclude>
    <ClInclude Include="libs\gd.h\layers_scenes_transitions_nodes\GauntletSelectLayer.h">
      <Filter>libs\gd.h</Filter>
    </ClInclude>
    <ClInclude Include="libs\gd.h\layers_scenes_transitions_nodes\GJBaseGameLayer.h">
      <Filter>libs\gd.h</Filter>
    </ClInclude>
    <ClInclude Include="libs\gd.h\layers_scenes_transitions_nodes\GJDropDownLayer.h">
      <Filter>libs\gd.h</Filter>
    </ClInclude>
    <ClInclude Include="libs\gd.h\layers_scenes_transitions_nodes\GJGarageLayer.h">
      <Filter>libs\gd.h</Filter>
    </ClInclude>
    <ClInclude Include="libs\gd.h\layers_scenes_transitions_nodes\GJListLayer.h">
      <Filter>libs\gd.h</Filter>
    </ClInclude>
    <ClInclude Include="libs\gd.h\layers_scenes_transitions_nodes\GJRotationControl.h">
      <Filter>libs\gd.h</Filter>
    </ClInclude>
    <ClInclude Include="libs\gd.h\layers_scenes_transitions_nodes\GJScaleControl.h">
      <Filter>libs\gd.h</Filter>
    </ClInclude>
    <ClInclude Include="libs\gd.h\layers_scenes_transitions_nodes\GJSpecialColorSelect.h">
      <Filter>libs\gd.h</Filter>
    </ClInclude>
    <ClInclude Include="libs\gd.h\layers_scenes_transitions_nodes\HSVWidgetPopup.h">
      <Filter>libs\gd.h</Filter>
    </ClInclude>
    <ClInclude Include="libs\gd.h\layers_scenes_transitions_nodes\InfoLayer.h">
      <Filter>libs\gd.h</Filter>
    </ClInclude>
    <ClInclude Include="libs\gd.h\layers_scenes_transitions_nodes\KeybindingsLayer.h">
      <Filter>libs\gd.h</Filter>
    </ClInclude>
    <ClInclude Include="libs\gd.h\layers_scenes_transitions_nodes\LeaderboardsLayer.h">
      <Filter>libs\gd.h</Filter>
    </ClInclude>
    <ClInclude Include="libs\gd.h\layers_scenes_transitions_nodes\LevelBrowserLayer.h">
      <Filter>libs\gd.h</Filter>
    </ClInclude>
    <ClInclude Include="libs\gd.h\layers_scenes_transitions_nodes\LevelEditorLayer.h">
      <Filter>libs\gd.h</Filter>
    </ClInclude>
    <ClInclude Include="libs\gd.h\layers_scenes_transitions_nodes\LevelInfoLayer.h">
      <Filter>libs\gd.h</Filter>
    </ClInclude>
    <ClInclude Include="libs\gd.h\layers_scenes_transitions_nodes\LevelSearchLayer.h">
      <Filter>libs\gd.h</Filter>
    </ClInclude>
    <ClInclude Include="libs\gd.h\layers_scenes_transitions_nodes\LevelSelectLayer.h">
      <Filter>libs\gd.h</Filter>
    </ClInclude>
    <ClInclude Include="libs\gd.h\layers_scenes_transitions_nodes\ListButtonBar.h">
      <Filter>libs\gd.h</Filter>
    </ClInclude>
    <ClInclude Include="libs\gd.h\layers_scenes_transitions_nodes\LoadingCircle.h">
      <Filter>libs\gd.h</Filter>
    </ClInclude>
    <ClInclude Include="libs\gd.h\layers_scenes_transitions_nodes\LoadingLayer.h">
      <Filter>libs\gd.h</Filter>
    </ClInclude>
    <ClInclude Include="libs\gd.h\layers_scenes_transitions_nodes\MenuLayer.h">
      <Filter>libs\gd.h</Filter>
    </ClInclude>
    <ClInclude Include="libs\gd.h\layers_scenes_transitions_nodes\MoreOptionsLayer.h">
      <Filter>libs\gd.h</Filter>
    </ClInclude>
    <ClInclude Include="libs\gd.h\layers_scenes_transitions_nodes\NumberInputLayer.h">
      <Filter>libs\gd.h</Filter>
    </ClInclude>
    <ClInclude Include="libs\gd.h\layers_scenes_transitions_nodes\OBB2D.h">
      <Filter>libs\gd.h</Filter>
    </ClInclude>
    <ClInclude Include="libs\gd.h\layers_scenes_transitions_nodes\OptionsLayer.h">
      <Filter>libs\gd.h</Filter>
    </ClInclude>
    <ClInclude Include="libs\gd.h\layers_scenes_transitions_nodes\PauseLayer.h">
      <Filter>libs\gd.h</Filter>
    </ClInclude>
    <ClInclude Include="libs\gd.h\layers_scenes_transitions_nodes\PlayLayer.h">
      <Filter>libs\gd.h</Filter>
    </ClInclude>
    <ClInclude Include="libs\gd.h\layers_scenes_transitions_nodes\ProfilePage.h">
      <Filter>libs\gd.h</Filter>
    </ClInclude>
    <ClInclude Include="libs\gd.h\layers_scenes_transitions_nodes\SetGroupIDLayer.h">
      <Filter>libs\gd.h</Filter>
    </ClInclude>
    <ClInclude Include="libs\gd.h\layers_scenes_transitions_nodes\SetIDPopup.h">
      <Filter>libs\gd.h</Filter>
    </ClInclude>
    <ClInclude Include="libs\gd.h\layers_scenes_transitions_nodes\SetupPulsePopup.h">
      <Filter>libs\gd.h</Filter>
    </ClInclude>
    <ClInclude Include="libs\gd.h\layers_scenes_transitions_nodes\SongInfoLayer.h">
      <Filter>libs\gd.h</Filter>
    </ClInclude>
    <ClInclude Include="libs\gd.h\layers_scenes_transitions_nodes\TextAlertPopup.h">
      <Filter>libs\gd.h</Filter>
    </ClInclude>
    <ClInclude Include="libs\gd.h\layers_scenes_transitions_nodes\VideoOptionsLayer.h">
      <Filter>libs\gd.h</Filter>
    </ClInclude>
    <ClInclude Include="libs\gd.h\level_nodes\ColorAction.h">
      <Filter>libs\gd.h</Filter>
    </ClInclude>
    <ClInclude Include="libs\gd.h\level_nodes\GJGameLevel.h">
      <Filter>libs\gd.h</Filter>
    </ClInclude>
    <ClInclude Include="libs\gd.h\level_nodes\GJMapPack.h">
      <Filter>libs\gd.h</Filter>
    </ClInclude>
    <ClInclude Include="libs\gd.h\level_nodes\GJSearchObject.h">
      <Filter>libs\gd.h</Filter>
    </ClInclude>
    <ClInclude Include="libs\gd.h\level_nodes\LevelSettingsObject.h">
      <Filter>libs\gd.h</Filter>
    </ClInclude>
    <ClInclude Include="libs\gd.h\level_nodes\SongInfoObject.h">
      <Filter>libs\gd.h</Filter>
    </ClInclude>
    <ClInclude Include="libs\gd.h\manager_nodes\AchievementManager.h">
      <Filter>libs\gd.h</Filter>
    </ClInclude>
    <ClInclude Include="libs\gd.h\manager_nodes\GameLevelManager.h">
      <Filter>libs\gd.h</Filter>
    </ClInclude>
    <ClInclude Include="libs\gd.h\manager_nodes\GameManager.h">
      <Filter>libs\gd.h</Filter>
    </ClInclude>
    <ClInclude Include="libs\gd.h\manager_nodes\GameSoundManager.h">
      <Filter>libs\gd.h</Filter>
    </ClInclude>
    <ClInclude Include="libs\gd.h\manager_nodes\GameStatsManager.h">
      <Filter>libs\gd.h</Filter>
    </ClInclude>
    <ClInclude Include="libs\gd.h\manager_nodes\GJAccountManager.h">
      <Filter>libs\gd.h</Filter>
    </ClInclude>
    <ClInclude Include="libs\gd.h\manager_nodes\GJEffectManager.h">
      <Filter>libs\gd.h</Filter>
    </ClInclude>
    <ClInclude Include="libs\gd.h\manager_nodes\GJUserScore.h">
      <Filter>libs\gd.h</Filter>
    </ClInclude>
    <ClInclude Include="libs\gd.h\manager_nodes\GManager.h">
      <Filter>libs\gd.h</Filter>
    </ClInclude>
    <ClInclude Include="libs\gd.h\manager_nodes\LocalLevelManager.h">
      <Filter>libs\gd.h</Filter>
    </ClInclude>
    <ClInclude Include="libs\gd.h\manager_nodes\MusicDownloadManager.h">
      <Filter>libs\gd.h</Filter>
    </ClInclude>
    <ClInclude Include="libs\gd.h\manager_nodes\ObjectToolbox.h">
      <Filter>libs\gd.h</Filter>
    </ClInclude>
    <ClInclude Include="libs\gd.h\menu_nodes\CCMenuItemSpriteExtra.h">
      <Filter>libs\gd.h</Filter>
    </ClInclude>
    <ClInclude Include="libs\gd.h\menu_nodes\CCMenuItemToggler.h">
      <Filter>libs\gd.h</Filter>
    </ClInclude>
    <ClInclude Include="libs\gd.h\menu_nodes\InfoAlertButton.h">
      <Filter>libs\gd.h</Filter>
    </ClInclude>
    <ClInclude Include="libs\gd.h\menu_nodes\Slider.h">
      <Filter>libs\gd.h</Filter>
    </ClInclude>
    <ClInclude Include="libs\gd.h\other_nodes\CheckpointObject.h">
      <Filter>libs\gd.h</Filter>
    </ClInclude>
    <ClInclude Include="libs\gd.h\other_nodes\DialogObject.h">
      <Filter>libs\gd.h</Filter>
    </ClInclude>
    <ClInclude Include="libs\gd.h\other_nodes\GJRewardObject.h">
      <Filter>libs\gd.h</Filter>
    </ClInclude>
    <ClInclude Include="libs\gd.h\other_nodes\PlayerCheckpoint.h">
      <Filter>libs\gd.h</Filter>
    </ClInclude>
    <ClInclude Include="libs\gd.h\other_nodes\PointNode.h">
      <Filter>libs\gd.h</Filter>
    </ClInclude>
    <ClInclude Include="libs\gd.h\other_nodes\UndoObject.h">
      <Filter>libs\gd.h</Filter>
    </ClInclude>
    <ClInclude Include="libs\gd.h\scroll_nodes\BoomListView.h">
      <Filter>libs\gd.h</Filter>
    </ClInclude>
    <ClInclude Include="libs\gd.h\scroll_nodes\CCContentLayer.h">
      <Filter>libs\gd.h</Filter>
    </ClInclude>
    <ClInclude Include="libs\gd.h\scroll_nodes\CCIndexPath.h">
      <Filter>libs\gd.h</Filter>
    </ClInclude>
    <ClInclude Include="libs\gd.h\scroll_nodes\CCScrollLayerExt.h">
      <Filter>libs\gd.h</Filter>
    </ClInclude>
    <ClInclude Include="libs\gd.h\scroll_nodes\CustomListView.h">
      <Filter>libs\gd.h</Filter>
    </ClInclude>
    <ClInclude Include="libs\gd.h\scroll_nodes\ScrollingLayer.h">
      <Filter>libs\gd.h</Filter>
    </ClInclude>
    <ClInclude Include="libs\gd.h\scroll_nodes\TableView.h">
      <Filter>libs\gd.h</Filter>
    </ClInclude>
    <ClInclude Include="libs\gd.h\sprite_nodes\AnimatedShopKeeper.h">
      <Filter>libs\gd.h</Filter>
    </ClInclude>
    <ClInclude Include="libs\gd.h\sprite_nodes\ButtonSprite.h">
      <Filter>libs\gd.h</Filter>
    </ClInclude>
    <ClInclude Include="libs\gd.h\sprite_nodes\CCAnimatedSprite.h">
      <Filter>libs\gd.h</Filter>
    </ClInclude>
    <ClInclude Include="libs\gd.h\sprite_nodes\CCSpritePlus.h">
      <Filter>libs\gd.h</Filter>
    </ClInclude>
    <ClInclude Include="libs\gd.h\sprite_nodes\ColorActionSprite.h">
      <Filter>libs\gd.h</Filter>
    </ClInclude>
    <ClInclude Include="libs\gd.h\sprite_nodes\ColorChannelSprite.h">
      <Filter>libs\gd.h</Filter>
    </ClInclude>
    <ClInclude Include="libs\gd.h\sprite_nodes\EffectGameObject.h">
      <Filter>libs\gd.h</Filter>
    </ClInclude>
    <ClInclude Include="libs\gd.h\sprite_nodes\GameObject.h">
      <Filter>libs\gd.h</Filter>
    </ClInclude>
    <ClInclude Include="libs\gd.h\sprite_nodes\GJItemIcon.h">
      <Filter>libs\gd.h</Filter>
    </ClInclude>
    <ClInclude Include="libs\gd.h\sprite_nodes\GJRobotSprite.h">
      <Filter>libs\gd.h</Filter>
    </ClInclude>
    <ClInclude Include="libs\gd.h\sprite_nodes\GJSpiderSprite.h">
      <Filter>libs\gd.h</Filter>
    </ClInclude>
    <ClInclude Include="libs\gd.h\sprite_nodes\GJSpriteColor.h">
      <Filter>libs\gd.h</Filter>
    </ClInclude>
    <ClInclude Include="libs\gd.h\sprite_nodes\HardStreak.h">
      <Filter>libs\gd.h</Filter>
    </ClInclude>
    <ClInclude Include="libs\gd.h\sprite_nodes\PlayerObject.h">
      <Filter>libs\gd.h</Filter>
    </ClInclude>
    <ClInclude Include="libs\gd.h\sprite_nodes\SimplePlayer.h">
      <Filter>libs\gd.h</Filter>
    </ClInclude>
    <ClInclude Include="libs\gd.h\sprite_nodes\TeleportPortalObject.h">
      <Filter>libs\gd.h</Filter>
    </ClInclude>
    <ClInclude Include="libs\gd.h\sprite_nodes\TextArea.h">
      <Filter>libs\gd.h</Filter>
    </ClInclude>
    <ClInclude Include="libs\gd.h\text_input_nodes\CCTextInputNode.h">
      <Filter>libs\gd.h</Filter>
    </ClInclude>
    <ClInclude Include="libs\gd.h\trigger_popups\SetupPickupTriggerPopup.h">
      <Filter>libs\gd.h</Filter>
    </ClInclude>
    <ClInclude Include="libs\MinHook\MinHook.h">
      <Filter>libs\MinHook</Filter>
    </ClInclude>
    <ClInclude Include="pch.h">
      <Filter>Header Files</Filter>
    </ClInclude>
    <ClInclude Include="OsuMenuLayer.h">
      <Filter>Header Files</Filter>
    </ClInclude>
    <ClInclude Include="CreditsLayer.h">
      <Filter>Header Files</Filter>
    </ClInclude>
    <ClInclude Include="Mouse.h">
      <Filter>Header Files</Filter>
    </ClInclude>
  </ItemGroup>
  <ItemGroup>
    <Library Include="libs\MinHook\libMinHook-x86-v141-mtd.lib">
      <Filter>libs\MinHook</Filter>
    </Library>
  </ItemGroup>
</Project>